
Microsoft Visual Studio Solution File, Format Version 12.00
# Visual Studio Version 16
VisualStudioVersion = 16.0.31410.357
MinimumVisualStudioVersion = 10.0.40219.1
Project("{FAE04EC0-301F-11D3-BF4B-00C04F79EFBC}") = "WumpusJones", "WumpusJones\WumpusJones.csproj", "{B49FCD76-4E41-445A-AA25-119BCA5182AD}"
EndProject
Global
	GlobalSection(SolutionConfigurationPlatforms) = preSolution
		Debug|Any CPU = Debug|Any CPU
		Release|Any CPU = Release|Any CPU
	EndGlobalSection
	GlobalSection(ProjectConfigurationPlatforms) = postSolution
		{B49FCD76-4E41-445A-AA25-119BCA5182AD}.Debug|Any CPU.ActiveCfg = Debug|Any CPU
		{B49FCD76-4E41-445A-AA25-119BCA5182AD}.Debug|Any CPU.Build.0 = Debug|Any CPU
		{B49FCD76-4E41-445A-AA25-119BCA5182AD}.Release|Any CPU.ActiveCfg = Release|Any CPU
		{B49FCD76-4E41-445A-AA25-119BCA5182AD}.Release|Any CPU.Build.0 = Release|Any CPU
	EndGlobalSection
	GlobalSection(SolutionProperties) = preSolution
		HideSolutionNode = FALSE
	EndGlobalSection
	GlobalSection(ExtensibilityGlobals) = postSolution
		SolutionGuid = {79996DA0-A885-4299-9A32-912E594BD38C}
	EndGlobalSection
EndGlobal
